
Microsoft Visual Studio Solution File, Format Version 12.00
# Visual Studio Version 16
VisualStudioVersion = 16.0.30114.105
MinimumVisualStudioVersion = 10.0.40219.1
Project("{8BC9CEB8-8B4A-11D0-8D11-00A0C91BC942}") = "49-A_FindClientByAccountNumber", "49-A_FindClientByAccountNumber\49-A_FindClientByAccountNumber.vcxproj", "{2C2062EF-5B34-4ED7-8193-7BF8D3A16D19}"
EndProject
Global
	GlobalSection(SolutionConfigurationPlatforms) = preSolution
		Debug|x64 = Debug|x64
		Debug|x86 = Debug|x86
		Release|x64 = Release|x64
		Release|x86 = Release|x86
	EndGlobalSection
	GlobalSection(ProjectConfigurationPlatforms) = postSolution
		{2C2062EF-5B34-4ED7-8193-7BF8D3A16D19}.Debug|x64.ActiveCfg = Debug|x64
		{2C2062EF-5B34-4ED7-8193-7BF8D3A16D19}.Debug|x64.Build.0 = Debug|x64
		{2C2062EF-5B34-4ED7-8193-7BF8D3A16D19}.Debug|x86.ActiveCfg = Debug|Win32
		{2C2062EF-5B34-4ED7-8193-7BF8D3A16D19}.Debug|x86.Build.0 = Debug|Win32
		{2C2062EF-5B34-4ED7-8193-7BF8D3A16D19}.Release|x64.ActiveCfg = Release|x64
		{2C2062EF-5B34-4ED7-8193-7BF8D3A16D19}.Release|x64.Build.0 = Release|x64
		{2C2062EF-5B34-4ED7-8193-7BF8D3A16D19}.Release|x86.ActiveCfg = Release|Win32
		{2C2062EF-5B34-4ED7-8193-7BF8D3A16D19}.Release|x86.Build.0 = Release|Win32
	EndGlobalSection
	GlobalSection(SolutionProperties) = preSolution
		HideSolutionNode = FALSE
	EndGlobalSection
	GlobalSection(ExtensibilityGlobals) = postSolution
		SolutionGuid = {FB4C32BC-0953-4849-8105-09A1305974DF}
	EndGlobalSection
EndGlobal
