
Microsoft Visual Studio Solution File, Format Version 12.00
# Visual Studio Version 16
VisualStudioVersion = 16.0.30114.105
MinimumVisualStudioVersion = 10.0.40219.1
Project("{8BC9CEB8-8B4A-11D0-8D11-00A0C91BC942}") = "45-ConvertLineToRecord", "45-ConvertLineToRecord\45-ConvertLineToRecord.vcxproj", "{BFD85678-D9A8-4401-BE15-F0CACEB585D4}"
EndProject
Global
	GlobalSection(SolutionConfigurationPlatforms) = preSolution
		Debug|x64 = Debug|x64
		Debug|x86 = Debug|x86
		Release|x64 = Release|x64
		Release|x86 = Release|x86
	EndGlobalSection
	GlobalSection(ProjectConfigurationPlatforms) = postSolution
		{BFD85678-D9A8-4401-BE15-F0CACEB585D4}.Debug|x64.ActiveCfg = Debug|x64
		{BFD85678-D9A8-4401-BE15-F0CACEB585D4}.Debug|x64.Build.0 = Debug|x64
		{BFD85678-D9A8-4401-BE15-F0CACEB585D4}.Debug|x86.ActiveCfg = Debug|Win32
		{BFD85678-D9A8-4401-BE15-F0CACEB585D4}.Debug|x86.Build.0 = Debug|Win32
		{BFD85678-D9A8-4401-BE15-F0CACEB585D4}.Release|x64.ActiveCfg = Release|x64
		{BFD85678-D9A8-4401-BE15-F0CACEB585D4}.Release|x64.Build.0 = Release|x64
		{BFD85678-D9A8-4401-BE15-F0CACEB585D4}.Release|x86.ActiveCfg = Release|Win32
		{BFD85678-D9A8-4401-BE15-F0CACEB585D4}.Release|x86.Build.0 = Release|Win32
	EndGlobalSection
	GlobalSection(SolutionProperties) = preSolution
		HideSolutionNode = FALSE
	EndGlobalSection
	GlobalSection(ExtensibilityGlobals) = postSolution
		SolutionGuid = {D36264BF-DBB3-4F31-ACAB-63C65B12CAE8}
	EndGlobalSection
EndGlobal
