
Microsoft Visual Studio Solution File, Format Version 12.00
# Visual Studio Version 16
VisualStudioVersion = 16.0.30114.105
MinimumVisualStudioVersion = 10.0.40219.1
Project("{8BC9CEB8-8B4A-11D0-8D11-00A0C91BC942}") = "20_PalindromeMatrix", "20_PalindromeMatrix\20_PalindromeMatrix.vcxproj", "{22AEEFA3-1580-48EA-8B53-45EC90E163FF}"
EndProject
Global
	GlobalSection(SolutionConfigurationPlatforms) = preSolution
		Debug|x64 = Debug|x64
		Debug|x86 = Debug|x86
		Release|x64 = Release|x64
		Release|x86 = Release|x86
	EndGlobalSection
	GlobalSection(ProjectConfigurationPlatforms) = postSolution
		{22AEEFA3-1580-48EA-8B53-45EC90E163FF}.Debug|x64.ActiveCfg = Debug|x64
		{22AEEFA3-1580-48EA-8B53-45EC90E163FF}.Debug|x64.Build.0 = Debug|x64
		{22AEEFA3-1580-48EA-8B53-45EC90E163FF}.Debug|x86.ActiveCfg = Debug|Win32
		{22AEEFA3-1580-48EA-8B53-45EC90E163FF}.Debug|x86.Build.0 = Debug|Win32
		{22AEEFA3-1580-48EA-8B53-45EC90E163FF}.Release|x64.ActiveCfg = Release|x64
		{22AEEFA3-1580-48EA-8B53-45EC90E163FF}.Release|x64.Build.0 = Release|x64
		{22AEEFA3-1580-48EA-8B53-45EC90E163FF}.Release|x86.ActiveCfg = Release|Win32
		{22AEEFA3-1580-48EA-8B53-45EC90E163FF}.Release|x86.Build.0 = Release|Win32
	EndGlobalSection
	GlobalSection(SolutionProperties) = preSolution
		HideSolutionNode = FALSE
	EndGlobalSection
	GlobalSection(ExtensibilityGlobals) = postSolution
		SolutionGuid = {B519849A-B4F8-464D-A639-9EB98A6B80B6}
	EndGlobalSection
EndGlobal
