
Microsoft Visual Studio Solution File, Format Version 12.00
# Visual Studio Version 16
VisualStudioVersion = 16.0.30114.105
MinimumVisualStudioVersion = 10.0.40219.1
Project("{8BC9CEB8-8B4A-11D0-8D11-00A0C91BC942}") = "05- Days Hours Minutes Seconds In a Month", "05- Days Hours Minutes Seconds In a Month\05- Days Hours Minutes Seconds In a Month.vcxproj", "{BE8776D8-BC43-4434-A39E-F9DA58AB914E}"
EndProject
Global
	GlobalSection(SolutionConfigurationPlatforms) = preSolution
		Debug|x64 = Debug|x64
		Debug|x86 = Debug|x86
		Release|x64 = Release|x64
		Release|x86 = Release|x86
	EndGlobalSection
	GlobalSection(ProjectConfigurationPlatforms) = postSolution
		{BE8776D8-BC43-4434-A39E-F9DA58AB914E}.Debug|x64.ActiveCfg = Debug|x64
		{BE8776D8-BC43-4434-A39E-F9DA58AB914E}.Debug|x64.Build.0 = Debug|x64
		{BE8776D8-BC43-4434-A39E-F9DA58AB914E}.Debug|x86.ActiveCfg = Debug|Win32
		{BE8776D8-BC43-4434-A39E-F9DA58AB914E}.Debug|x86.Build.0 = Debug|Win32
		{BE8776D8-BC43-4434-A39E-F9DA58AB914E}.Release|x64.ActiveCfg = Release|x64
		{BE8776D8-BC43-4434-A39E-F9DA58AB914E}.Release|x64.Build.0 = Release|x64
		{BE8776D8-BC43-4434-A39E-F9DA58AB914E}.Release|x86.ActiveCfg = Release|Win32
		{BE8776D8-BC43-4434-A39E-F9DA58AB914E}.Release|x86.Build.0 = Release|Win32
	EndGlobalSection
	GlobalSection(SolutionProperties) = preSolution
		HideSolutionNode = FALSE
	EndGlobalSection
	GlobalSection(ExtensibilityGlobals) = postSolution
		SolutionGuid = {50AB6CE1-7BB2-439C-983A-F9D3AAC1E40A}
	EndGlobalSection
EndGlobal
