
Microsoft Visual Studio Solution File, Format Version 12.00
# Visual Studio Version 16
VisualStudioVersion = 16.0.30114.105
MinimumVisualStudioVersion = 10.0.40219.1
Project("{8BC9CEB8-8B4A-11D0-8D11-00A0C91BC942}") = "34_A_ReturnNumber_index_inArray", "34_A_ReturnNumber_index_inArray\34_A_ReturnNumber_index_inArray.vcxproj", "{2A748081-F3E6-44EA-851A-7BB297044A9A}"
EndProject
Global
	GlobalSection(SolutionConfigurationPlatforms) = preSolution
		Debug|x64 = Debug|x64
		Debug|x86 = Debug|x86
		Release|x64 = Release|x64
		Release|x86 = Release|x86
	EndGlobalSection
	GlobalSection(ProjectConfigurationPlatforms) = postSolution
		{2A748081-F3E6-44EA-851A-7BB297044A9A}.Debug|x64.ActiveCfg = Debug|x64
		{2A748081-F3E6-44EA-851A-7BB297044A9A}.Debug|x64.Build.0 = Debug|x64
		{2A748081-F3E6-44EA-851A-7BB297044A9A}.Debug|x86.ActiveCfg = Debug|Win32
		{2A748081-F3E6-44EA-851A-7BB297044A9A}.Debug|x86.Build.0 = Debug|Win32
		{2A748081-F3E6-44EA-851A-7BB297044A9A}.Release|x64.ActiveCfg = Release|x64
		{2A748081-F3E6-44EA-851A-7BB297044A9A}.Release|x64.Build.0 = Release|x64
		{2A748081-F3E6-44EA-851A-7BB297044A9A}.Release|x86.ActiveCfg = Release|Win32
		{2A748081-F3E6-44EA-851A-7BB297044A9A}.Release|x86.Build.0 = Release|Win32
	EndGlobalSection
	GlobalSection(SolutionProperties) = preSolution
		HideSolutionNode = FALSE
	EndGlobalSection
	GlobalSection(ExtensibilityGlobals) = postSolution
		SolutionGuid = {480F058F-77A3-4890-99A0-AA12C695F9BE}
	EndGlobalSection
EndGlobal
