
Microsoft Visual Studio Solution File, Format Version 12.00
# Visual Studio Version 16
VisualStudioVersion = 16.0.30114.105
MinimumVisualStudioVersion = 10.0.40219.1
Project("{8BC9CEB8-8B4A-11D0-8D11-00A0C91BC942}") = "38_CopyOddNumbers_To_A_NewArray", "38_CopyOddNumbers_To_A_NewArray\38_CopyOddNumbers_To_A_NewArray.vcxproj", "{FD3766B9-8119-4581-9562-F80AD3C18AE7}"
EndProject
Global
	GlobalSection(SolutionConfigurationPlatforms) = preSolution
		Debug|x64 = Debug|x64
		Debug|x86 = Debug|x86
		Release|x64 = Release|x64
		Release|x86 = Release|x86
	EndGlobalSection
	GlobalSection(ProjectConfigurationPlatforms) = postSolution
		{FD3766B9-8119-4581-9562-F80AD3C18AE7}.Debug|x64.ActiveCfg = Debug|x64
		{FD3766B9-8119-4581-9562-F80AD3C18AE7}.Debug|x64.Build.0 = Debug|x64
		{FD3766B9-8119-4581-9562-F80AD3C18AE7}.Debug|x86.ActiveCfg = Debug|Win32
		{FD3766B9-8119-4581-9562-F80AD3C18AE7}.Debug|x86.Build.0 = Debug|Win32
		{FD3766B9-8119-4581-9562-F80AD3C18AE7}.Release|x64.ActiveCfg = Release|x64
		{FD3766B9-8119-4581-9562-F80AD3C18AE7}.Release|x64.Build.0 = Release|x64
		{FD3766B9-8119-4581-9562-F80AD3C18AE7}.Release|x86.ActiveCfg = Release|Win32
		{FD3766B9-8119-4581-9562-F80AD3C18AE7}.Release|x86.Build.0 = Release|Win32
	EndGlobalSection
	GlobalSection(SolutionProperties) = preSolution
		HideSolutionNode = FALSE
	EndGlobalSection
	GlobalSection(ExtensibilityGlobals) = postSolution
		SolutionGuid = {B88115B7-A368-4386-BB98-97E94E9D843A}
	EndGlobalSection
EndGlobal
