
Microsoft Visual Studio Solution File, Format Version 12.00
# Visual Studio Version 16
VisualStudioVersion = 16.0.30114.105
MinimumVisualStudioVersion = 10.0.40219.1
Project("{8BC9CEB8-8B4A-11D0-8D11-00A0C91BC942}") = "02.1_primeNumber", "02.1_primeNumber\02.1_primeNumber.vcxproj", "{ADC9A6DA-1B93-4DB8-B110-77ACBBDF0D57}"
EndProject
Global
	GlobalSection(SolutionConfigurationPlatforms) = preSolution
		Debug|x64 = Debug|x64
		Debug|x86 = Debug|x86
		Release|x64 = Release|x64
		Release|x86 = Release|x86
	EndGlobalSection
	GlobalSection(ProjectConfigurationPlatforms) = postSolution
		{ADC9A6DA-1B93-4DB8-B110-77ACBBDF0D57}.Debug|x64.ActiveCfg = Debug|x64
		{ADC9A6DA-1B93-4DB8-B110-77ACBBDF0D57}.Debug|x64.Build.0 = Debug|x64
		{ADC9A6DA-1B93-4DB8-B110-77ACBBDF0D57}.Debug|x86.ActiveCfg = Debug|Win32
		{ADC9A6DA-1B93-4DB8-B110-77ACBBDF0D57}.Debug|x86.Build.0 = Debug|Win32
		{ADC9A6DA-1B93-4DB8-B110-77ACBBDF0D57}.Release|x64.ActiveCfg = Release|x64
		{ADC9A6DA-1B93-4DB8-B110-77ACBBDF0D57}.Release|x64.Build.0 = Release|x64
		{ADC9A6DA-1B93-4DB8-B110-77ACBBDF0D57}.Release|x86.ActiveCfg = Release|Win32
		{ADC9A6DA-1B93-4DB8-B110-77ACBBDF0D57}.Release|x86.Build.0 = Release|Win32
	EndGlobalSection
	GlobalSection(SolutionProperties) = preSolution
		HideSolutionNode = FALSE
	EndGlobalSection
	GlobalSection(ExtensibilityGlobals) = postSolution
		SolutionGuid = {51B5CADB-7557-4C63-9525-BCF5F09A40F1}
	EndGlobalSection
EndGlobal
