
Microsoft Visual Studio Solution File, Format Version 12.00
# Visual Studio Version 16
VisualStudioVersion = 16.0.30114.105
MinimumVisualStudioVersion = 10.0.40219.1
Project("{8BC9CEB8-8B4A-11D0-8D11-00A0C91BC942}") = "11", "11\11.vcxproj", "{C37B1216-A087-4344-ADC2-31A9273205AC}"
EndProject
Global
	GlobalSection(SolutionConfigurationPlatforms) = preSolution
		Debug|x64 = Debug|x64
		Debug|x86 = Debug|x86
		Release|x64 = Release|x64
		Release|x86 = Release|x86
	EndGlobalSection
	GlobalSection(ProjectConfigurationPlatforms) = postSolution
		{C37B1216-A087-4344-ADC2-31A9273205AC}.Debug|x64.ActiveCfg = Debug|x64
		{C37B1216-A087-4344-ADC2-31A9273205AC}.Debug|x64.Build.0 = Debug|x64
		{C37B1216-A087-4344-ADC2-31A9273205AC}.Debug|x86.ActiveCfg = Debug|Win32
		{C37B1216-A087-4344-ADC2-31A9273205AC}.Debug|x86.Build.0 = Debug|Win32
		{C37B1216-A087-4344-ADC2-31A9273205AC}.Release|x64.ActiveCfg = Release|x64
		{C37B1216-A087-4344-ADC2-31A9273205AC}.Release|x64.Build.0 = Release|x64
		{C37B1216-A087-4344-ADC2-31A9273205AC}.Release|x86.ActiveCfg = Release|Win32
		{C37B1216-A087-4344-ADC2-31A9273205AC}.Release|x86.Build.0 = Release|Win32
	EndGlobalSection
	GlobalSection(SolutionProperties) = preSolution
		HideSolutionNode = FALSE
	EndGlobalSection
	GlobalSection(ExtensibilityGlobals) = postSolution
		SolutionGuid = {AC5966DC-28F1-41C3-83D6-3DCF3DAF2AAA}
	EndGlobalSection
EndGlobal
